
Microsoft Visual Studio Solution File, Format Version 12.00
Project("{FAE04EC0-301F-11D3-BF4B-00C04F79EFBC}") = "Sn2", "Sn2\Sn2.csproj", "{A40A1B79-3CE0-4031-8DC5-671E4C75D002}"
EndProject
Project("{FAE04EC0-301F-11D3-BF4B-00C04F79EFBC}") = "ppiLib", "ppiLib\ppiLib.csproj", "{B5180004-8703-4B81-AE86-4D433C1200C4}"
EndProject
Global
	GlobalSection(SolutionConfigurationPlatforms) = preSolution
		Debug|Any CPU = Debug|Any CPU
		Release|Any CPU = Release|Any CPU
	EndGlobalSection
	GlobalSection(ProjectConfigurationPlatforms) = postSolution
		{A40A1B79-3CE0-4031-8DC5-671E4C75D002}.Debug|Any CPU.ActiveCfg = Debug|Any CPU
		{A40A1B79-3CE0-4031-8DC5-671E4C75D002}.Debug|Any CPU.Build.0 = Debug|Any CPU
		{A40A1B79-3CE0-4031-8DC5-671E4C75D002}.Release|Any CPU.ActiveCfg = Release|Any CPU
		{A40A1B79-3CE0-4031-8DC5-671E4C75D002}.Release|Any CPU.Build.0 = Release|Any CPU
		{B5180004-8703-4B81-AE86-4D433C1200C4}.Debug|Any CPU.ActiveCfg = Debug|Any CPU
		{B5180004-8703-4B81-AE86-4D433C1200C4}.Debug|Any CPU.Build.0 = Debug|Any CPU
		{B5180004-8703-4B81-AE86-4D433C1200C4}.Release|Any CPU.ActiveCfg = Release|Any CPU
		{B5180004-8703-4B81-AE86-4D433C1200C4}.Release|Any CPU.Build.0 = Release|Any CPU
	EndGlobalSection
EndGlobal
